{
  "name": "hello-react",
  "version": "0.1.0",
  "lockfileVersion": 1,
  "requires": true,
  "dependencies": {
    "@material/animation": {
      "version": "0.3.0",
      "resolved": "https://registry.npmjs.org/@material/animation/-/animation-0.3.0.tgz",
      "integrity": "sha1-V7E8decF66lobsXp/QOjYXOM52o="
    },
    "@material/base": {
      "version": "0.2.3",
      "resolved": "https://registry.npmjs.org/@material/base/-/base-0.2.3.tgz",
      "integrity": "sha1-xOsmttblhAwlStSHWI3E9puXHz4="
    },
    "@material/button": {
      "version": "0.3.10",
      "resolved": "https://registry.npmjs.org/@material/button/-/button-0.3.10.tgz",
      "integrity": "sha1-/sAjlNt57npXmZF/gGB2yAR6AK0=",
      "requires": {
        "@material/animation": "0.3.0",
        "@material/elevation": "0.1.10",
        "@material/ripple": "0.8.1",
        "@material/theme": "0.1.6",
        "@material/typography": "0.2.3"
      }
    },
    "@material/elevation": {
      "version": "0.1.10",
      "resolved": "https://registry.npmjs.org/@material/elevation/-/elevation-0.1.10.tgz",
      "integrity": "sha1-8CUMl8gWY1NLg8NCjnZMkCbUG6E=",
      "requires": {
        "@material/animation": "0.3.0"
      }
    },
    "@material/ripple": {
      "version": "0.8.1",
      "resolved": "https://registry.npmjs.org/@material/ripple/-/ripple-0.8.1.tgz",
      "integrity": "sha1-bh2d7mRT9oqM/Tubf80lPMDhLxI=",
      "requires": {
        "@material/base": "0.2.3",
        "@material/theme": "0.1.6"
      }
    },
    "@material/theme": {
      "version": "0.1.6",
      "resolved": "https://registry.npmjs.org/@material/theme/-/theme-0.1.6.tgz",
      "integrity": "sha1-ogRJc1kKaPYItDnSzjPBdwe8AAw="
    },
    "@material/typography": {
      "version": "0.2.3",
      "resolved": "https://registry.npmjs.org/@material/typography/-/typography-0.2.3.tgz",
      "integrity": "sha1-zd9BeAmMnHtMLnijMEk3a01q61M="
    }
  }
}
